// !$*UTF8*$!
{
	archiveVersion = 1;
	classes = {
	};
	objectVersion = 46;
	objects = {

/* Begin PBXBuildFile section */
		EC2C4C321A25A87300BEBDCF /* main.m in Sources */ = {isa = PBXBuildFile; fileRef = EC2C4C311A25A87300BEBDCF /* main.m */; };
		EC2C4C351A25A87300BEBDCF /* AppDelegate.m in Sources */ = {isa = PBXBuildFile; fileRef = EC2C4C341A25A87300BEBDCF /* AppDelegate.m */; };
		EC2C4C381A25A87300BEBDCF /* ViewController.m in Sources */ = {isa = PBXBuildFile; fileRef = EC2C4C371A25A87300BEBDCF /* ViewController.m */; };
		EC2C4C3B1A25A87300BEBDCF /* Main.storyboard in Resources */ = {isa = PBXBuildFile; fileRef = EC2C4C391A25A87300BEBDCF /* Main.storyboard */; };
		EC2C4C3D1A25A87300BEBDCF /* Images.xcassets in Resources */ = {isa = PBXBuildFile; fileRef = EC2C4C3C1A25A87300BEBDCF /* Images.xcassets */; };
		EC2C4C401A25A87300BEBDCF /* LaunchScreen.xib in Resources */ = {isa = PBXBuildFile; fileRef = EC2C4C3E1A25A87300BEBDCF /* LaunchScreen.xib */; };
		EC2C4C4C1A25A87300BEBDCF /* SwiftDemTests.m in Sources */ = {isa = PBXBuildFile; fileRef = EC2C4C4B1A25A87300BEBDCF /* SwiftDemTests.m */; };
/* End PBXBuildFile section */

/* Begin PBXContainerItemProxy section */
		EC2C4C461A25A87300BEBDCF /* PBXContainerItemProxy */ = {
			isa = PBXContainerItemProxy;
			containerPortal = EC2C4C241A25A87300BEBDCF /* Project object */;
			proxyType = 1;
			remoteGlobalIDString = EC2C4C2B1A25A87300BEBDCF;
			remoteInfo = SwiftDem;
		};
/* End PBXContainerItemProxy section */

/* Begin PBXFileReference section */
		EC2C4C2C1A25A87300BEBDCF /* SwiftDem.app */ = {isa = PBXFileReference; explicitFileType = wrapper.application; includeInIndex = 0; path = SwiftDem.app; sourceTree = BUILT_PRODUCTS_DIR; };
		EC2C4C301A25A87300BEBDCF /* Info.plist */ = {isa = PBXFileReference; lastKnownFileType = text.plist.xml; path = Info.plist; sourceTree = "<group>"; };
		EC2C4C311A25A87300BEBDCF /* main.m */ = {isa = PBXFileReference; lastKnownFileType = sourcecode.c.objc; path = main.m; sourceTree = "<group>"; };
		EC2C4C331A25A87300BEBDCF /* AppDelegate.h */ = {isa = PBXFileReference; lastKnownFileType = sourcecode.c.h; path = AppDelegate.h; sourceTree = "<group>"; };
		EC2C4C341A25A87300BEBDCF /* AppDelegate.m */ = {isa = PBXFileReference; lastKnownFileType = sourcecode.c.objc; path = AppDelegate.m; sourceTree = "<group>"; };
		EC2C4C361A25A87300BEBDCF /* ViewController.h */ = {isa = PBXFileReference; lastKnownFileType = sourcecode.c.h; path = ViewController.h; sourceTree = "<group>"; };
		EC2C4C371A25A87300BEBDCF /* ViewController.m */ = {isa = PBXFileReference; lastKnownFileType = sourcecode.c.objc; path = ViewController.m; sourceTree = "<group>"; };
		EC2C4C3A1A25A87300BEBDCF /* Base */ = {isa = PBXFileReference; lastKnownFileType = file.storyboard; name = Base; path = Base.lproj/Main.storyboard; sourceTree = "<group>"; };
		EC2C4C3C1A25A87300BEBDCF /* Images.xcassets */ = {isa = PBXFileReference; lastKnownFileType = folder.assetcatalog; path = Images.xcassets; sourceTree = "<group>"; };
		EC2C4C3F1A25A87300BEBDCF /* Base */ = {isa = PBXFileReference; lastKnownFileType = file.xib; name = Base; path = Base.lproj/LaunchScreen.xib; sourceTree = "<group>"; };
		EC2C4C451A25A87300BEBDCF /* SwiftDemTests.xctest */ = {isa = PBXFileReference; explicitFileType = wrapper.cfbundle; includeInIndex = 0; path = SwiftDemTests.xctest; sourceTree = BUILT_PRODUCTS_DIR; };
		EC2C4C4A1A25A87300BEBDCF /* Info.plist */ = {isa = PBXFileReference; lastKnownFileType = text.plist.xml; path = Info.plist; sourceTree = "<group>"; };
		EC2C4C4B1A25A87300BEBDCF /* SwiftDemTests.m */ = {isa = PBXFileReference; lastKnownFileType = sourcecode.c.objc; path = SwiftDemTests.m; sourceTree = "<group>"; };
/* End PBXFileReference section */

/* Begin PBXFrameworksBuildPhase section */
		EC2C4C291A25A87300BEBDCF /* Frameworks */ = {
			isa = PBXFrameworksBuildPhase;
			buildActionMask = 2147483647;
			files = (
			);
			runOnlyForDeploymentPostprocessing = 0;
		};
		EC2C4C421A25A87300BEBDCF /* Frameworks */ = {
			isa = PBXFrameworksBuildPhase;
			buildActionMask = 2147483647;
			files = (
			);
			runOnlyForDeploymentPostprocessing = 0;
		};
/* End PBXFrameworksBuildPhase section */

/* Begin PBXGroup section */
		EC2C4C231A25A87300BEBDCF = {
			isa = PBXGroup;
			children = (
				EC2C4C2E1A25A87300BEBDCF /* SwiftDem */,
				EC2C4C481A25A87300BEBDCF /* SwiftDemTests */,
				EC2C4C2D1A25A87300BEBDCF /* Products */,
			);
			sourceTree = "<group>";
		};
		EC2C4C2D1A25A87300BEBDCF /* Products */ = {
			isa = PBXGroup;
			children = (
				EC2C4C2C1A25A87300BEBDCF /* SwiftDem.app */,
				EC2C4C451A25A87300BEBDCF /* SwiftDemTests.xctest */,
			);
			name = Products;
			sourceTree = "<group>";
		};
		EC2C4C2E1A25A87300BEBDCF /* SwiftDem */ = {
			isa = PBXGroup;
			children = (
				EC2C4C331A25A87300BEBDCF /* AppDelegate.h */,
				EC2C4C341A25A87300BEBDCF /* AppDelegate.m */,
				EC2C4C361A25A87300BEBDCF /* ViewController.h */,
				EC2C4C371A25A87300BEBDCF /* ViewController.m */,
				EC2C4C391A25A87300BEBDCF /* Main.storyboard */,
				EC2C4C3C1A25A87300BEBDCF /* Images.xcassets */,
				EC2C4C3E1A25A87300BEBDCF /* LaunchScreen.xib */,
				EC2C4C2F1A25A87300BEBDCF /* Supporting Files */,
			);
			path = SwiftDem;
			sourceTree = "<group>";
		};
		EC2C4C2F1A25A87300BEBDCF /* Supporting Files */ = {
			isa = PBXGroup;
			children = (
				EC2C4C301A25A87300BEBDCF /* Info.plist */,
				EC2C4C311A25A87300BEBDCF /* main.m */,
			);
			name = "Supporting Files";
			sourceTree = "<group>";
		};
		EC2C4C481A25A87300BEBDCF /* SwiftDemTests */ = {
			isa = PBXGroup;
			children = (
				EC2C4C4B1A25A87300BEBDCF /* SwiftDemTests.m */,
				EC2C4C491A25A87300BEBDCF /* Supporting Files */,
			);
			path = SwiftDemTests;
			sourceTree = "<group>";
		};
		EC2C4C491A25A87300BEBDCF /* Supporting Files */ = {
			isa = PBXGroup;
			children = (
				EC2C4C4A1A25A87300BEBDCF /* Info.plist */,
			);
			name = "Supporting Files";
			sourceTree = "<group>";
		};
/* End PBXGroup section */

/* Begin PBXNativeTarget section */
		EC2C4C2B1A25A87300BEBDCF /* SwiftDem */ = {
			isa = PBXNativeTarget;
			buildConfigurationList = EC2C4C4F1A25A87300BEBDCF /* Build configuration list for PBXNativeTarget "SwiftDem" */;
			buildPhases = (
				EC2C4C281A25A87300BEBDCF /* Sources */,
				EC2C4C291A25A87300BEBDCF /* Frameworks */,
				EC2C4C2A1A25A87300BEBDCF /* Resources */,
			);
			buildRules = (
			);
			dependencies = (
			);
			name = SwiftDem;
			productName = SwiftDem;
			productReference = EC2C4C2C1A25A87300BEBDCF /* SwiftDem.app */;
			productType = "com.apple.product-type.application";
		};
		EC2C4C441A25A87300BEBDCF /* SwiftDemTests */ = {
			isa = PBXNativeTarget;
			buildConfigurationList = EC2C4C521A25A87300BEBDCF /* Build configuration list for PBXNativeTarget "SwiftDemTests" */;
			buildPhases = (
				EC2C4C411A25A87300BEBDCF /* Sources */,
				EC2C4C421A25A87300BEBDCF /* Frameworks */,
				EC2C4C431A25A87300BEBDCF /* Resources */,
			);
			buildRules = (
			);
			dependencies = (
				EC2C4C471A25A87300BEBDCF /* PBXTargetDependency */,
			);
			name = SwiftDemTests;
			productName = SwiftDemTests;
			productReference = EC2C4C451A25A87300BEBDCF /* SwiftDemTests.xctest */;
			productType = "com.apple.product-type.bundle.unit-test";
		};
/* End PBXNativeTarget section */

/* Begin PBXProject section */
		EC2C4C241A25A87300BEBDCF /* Project object */ = {
			isa = PBXProject;
			attributes = {
				LastUpgradeCheck = 0600;
				ORGANIZATIONNAME = Nikunj;
				TargetAttributes = {
					EC2C4C2B1A25A87300BEBDCF = {
						CreatedOnToolsVersion = 6.0;
					};
					EC2C4C441A25A87300BEBDCF = {
						CreatedOnToolsVersion = 6.0;
						TestTargetID = EC2C4C2B1A25A87300BEBDCF;
					};
				};
			};
			buildConfigurationList = EC2C4C271A25A87300BEBDCF /* Build configuration list for PBXProject "SwiftDem" */;
			compatibilityVersion = "Xcode 3.2";
			developmentRegion = English;
			hasScannedForEncodings = 0;
			knownRegions = (
				en,
				Base,
			);
			mainGroup = EC2C4C231A25A87300BEBDCF;
			productRefGroup = EC2C4C2D1A25A87300BEBDCF /* Products */;
			projectDirPath = "";
			projectRoot = "";
			targets = (
				EC2C4C2B1A25A87300BEBDCF /* SwiftDem */,
				EC2C4C441A25A87300BEBDCF /* SwiftDemTests */,
			);
		};
/* End PBXProject section */

/* Begin PBXResourcesBuildPhase section */
		EC2C4C2A1A25A87300BEBDCF /* Resources */ = {
			isa = PBXResourcesBuildPhase;
			buildActionMask = 2147483647;
			files = (
				EC2C4C3B1A25A87300BEBDCF /* Main.storyboard in Resources */,
				EC2C4C401A25A87300BEBDCF /* LaunchScreen.xib in Resources */,
				EC2C4C3D1A25A87300BEBDCF /* Images.xcassets in Resources */,
			);
			runOnlyForDeploymentPostprocessing = 0;
		};
		EC2C4C431A25A87300BEBDCF /* Resources */ = {
			isa = PBXResourcesBuildPhase;
			buildActionMask = 2147483647;
			files = (
			);
			runOnlyForDeploymentPostprocessing = 0;
		};
/* End PBXResourcesBuildPhase section */

/* Begin PBXSourcesBuildPhase section */
		EC2C4C281A25A87300BEBDCF /* Sources */ = {
			isa = PBXSourcesBuildPhase;
			buildActionMask = 2147483647;
			files = (
				EC2C4C381A25A87300BEBDCF /* ViewController.m in Sources */,
				EC2C4C351A25A87300BEBDCF /* AppDelegate.m in Sources */,
				EC2C4C321A25A87300BEBDCF /* main.m in Sources */,
			);
			runOnlyForDeploymentPostprocessing = 0;
		};
		EC2C4C411A25A87300BEBDCF /* Sources */ = {
			isa = PBXSourcesBuildPhase;
			buildActionMask = 2147483647;
			files = (
				EC2C4C4C1A25A87300BEBDCF /* SwiftDemTests.m in Sources */,
			);
			runOnlyForDeploymentPostprocessing = 0;
		};
/* End PBXSourcesBuildPhase section */

/* Begin PBXTargetDependency section */
		EC2C4C471A25A87300BEBDCF /* PBXTargetDependency */ = {
			isa = PBXTargetDependency;
			target = EC2C4C2B1A25A87300BEBDCF /* SwiftDem */;
			targetProxy = EC2C4C461A25A87300BEBDCF /* PBXContainerItemProxy */;
		};
/* End PBXTargetDependency section */

/* Begin PBXVariantGroup section */
		EC2C4C391A25A87300BEBDCF /* Main.storyboard */ = {
			isa = PBXVariantGroup;
			children = (
				EC2C4C3A1A25A87300BEBDCF /* Base */,
			);
			name = Main.storyboard;
			sourceTree = "<group>";
		};
		EC2C4C3E1A25A87300BEBDCF /* LaunchScreen.xib */ = {
			isa = PBXVariantGroup;
			children = (
				EC2C4C3F1A25A87300BEBDCF /* Base */,
			);
			name = LaunchScreen.xib;
			sourceTree = "<group>";
		};
/* End PBXVariantGroup section */

/* Begin XCBuildConfiguration section */
		EC2C4C4D1A25A87300BEBDCF /* Debug */ = {
			isa = XCBuildConfiguration;
			buildSettings = {
				ALWAYS_SEARCH_USER_PATHS = NO;
				CLANG_CXX_LANGUAGE_STANDARD = "gnu++0x";
				CLANG_CXX_LIBRARY = "libc++";
				CLANG_ENABLE_MODULES = YES;
				CLANG_ENABLE_OBJC_ARC = YES;
				CLANG_WARN_BOOL_CONVERSION = YES;
				CLANG_WARN_CONSTANT_CONVERSION = YES;
				CLANG_WARN_DIRECT_OBJC_ISA_USAGE = YES_ERROR;
				CLANG_WARN_EMPTY_BODY = YES;
				CLANG_WARN_ENUM_CONVERSION = YES;
				CLANG_WARN_INT_CONVERSION = YES;
				CLANG_WARN_OBJC_ROOT_CLASS = YES_ERROR;
				CLANG_WARN_UNREACHABLE_CODE = YES;
				CLANG_WARN__DUPLICATE_METHOD_MATCH = YES;
				"CODE_SIGN_IDENTITY[sdk=iphoneos*]" = "iPhone Developer";
				COPY_PHASE_STRIP = NO;
				ENABLE_STRICT_OBJC_MSGSEND = YES;
				GCC_C_LANGUAGE_STANDARD = gnu99;
				GCC_DYNAMIC_NO_PIC = NO;
				GCC_OPTIMIZATION_LEVEL = 0;
				GCC_PREPROCESSOR_DEFINITIONS = (
					"DEBUG=1",
					"$(inherited)",
				);
				GCC_SYMBOLS_PRIVATE_EXTERN = NO;
				GCC_WARN_64_TO_32_BIT_CONVERSION = YES;
				GCC_WARN_ABOUT_RETURN_TYPE = YES_ERROR;
				GCC_WARN_UNDECLARED_SELECTOR = YES;
				GCC_WARN_UNINITIALIZED_AUTOS = YES_AGGRESSIVE;
				GCC_WARN_UNUSED_FUNCTION = YES;
				GCC_WARN_UNUSED_VARIABLE = YES;
				IPHONEOS_DEPLOYMENT_TARGET = 8.0;
				MTL_ENABLE_DEBUG_INFO = YES;
				ONLY_ACTIVE_ARCH = YES;
				SDKROOT = iphoneos;
				TARGETED_DEVICE_FAMILY = "1,2";
			};
			name = Debug;
		};
		EC2C4C4E1A25A87300BEBDCF /* Release */ = {
			isa = XCBuildConfiguration;
			buildSettings = {
				ALWAYS_SEARCH_USER_PATHS = NO;
				CLANG_CXX_LANGUAGE_STANDARD = "gnu++0x";
				CLANG_CXX_LIBRARY = "libc++";
				CLANG_ENABLE_MODULES = YES;
				CLANG_ENABLE_OBJC_ARC = YES;
				CLANG_WARN_BOOL_CONVERSION = YES;
				CLANG_WARN_CONSTANT_CONVERSION = YES;
				CLANG_WARN_DIRECT_OBJC_ISA_USAGE = YES_ERROR;
				CLANG_WARN_EMPTY_BODY = YES;
				CLANG_WARN_ENUM_CONVERSION = YES;
				CLANG_WARN_INT_CONVERSION = YES;
				CLANG_WARN_OBJC_ROOT_CLASS = YES_ERROR;
				CLANG_WARN_UNREACHABLE_CODE = YES;
				CLANG_WARN__DUPLICATE_METHOD_MATCH = YES;
				"CODE_SIGN_IDENTITY[sdk=iphoneos*]" = "iPhone Developer";
				COPY_PHASE_STRIP = YES;
				ENABLE_NS_ASSERTIONS = NO;
				ENABLE_STRICT_OBJC_MSGSEND = YES;
				GCC_C_LANGUAGE_STANDARD = gnu99;
				GCC_WARN_64_TO_32_BIT_CONVERSION = YES;
				GCC_WARN_ABOUT_RETURN_TYPE = YES_ERROR;
				GCC_WARN_UNDECLARED_SELECTOR = YES;
				GCC_WARN_UNINITIALIZED_AUTOS = YES_AGGRESSIVE;
				GCC_WARN_UNUSED_FUNCTION = YES;
				GCC_WARN_UNUSED_VARIABLE = YES;
				IPHONEOS_DEPLOYMENT_TARGET = 8.0;
				MTL_ENABLE_DEBUG_INFO = NO;
				SDKROOT = iphoneos;
				TARGETED_DEVICE_FAMILY = "1,2";
				VALIDATE_PRODUCT = YES;
			};
			name = Release;
		};
		EC2C4C501A25A87300BEBDCF /* Debug */ = {
			isa = XCBuildConfiguration;
			buildSettings = {
				ASSETCATALOG_COMPILER_APPICON_NAME = AppIcon;
				INFOPLIST_FILE = SwiftDem/Info.plist;
				LD_RUNPATH_SEARCH_PATHS = "$(inherited) @executable_path/Frameworks";
				PRODUCT_NAME = "$(TARGET_NAME)";
			};
			name = Debug;
		};
		EC2C4C511A25A87300BEBDCF /* Release */ = {
			isa = XCBuildConfiguration;
			buildSettings = {
				ASSETCATALOG_COMPILER_APPICON_NAME = AppIcon;
				INFOPLIST_FILE = SwiftDem/Info.plist;
				LD_RUNPATH_SEARCH_PATHS = "$(inherited) @executable_path/Frameworks";
				PRODUCT_NAME = "$(TARGET_NAME)";
			};
			name = Release;
		};
		EC2C4C531A25A87300BEBDCF /* Debug */ = {
			isa = XCBuildConfiguration;
			buildSettings = {
				BUNDLE_LOADER = "$(TEST_HOST)";
				FRAMEWORK_SEARCH_PATHS = (
					"$(SDKROOT)/Developer/Library/Frameworks",
					"$(inherited)",
				);
				GCC_PREPROCESSOR_DEFINITIONS = (
					"DEBUG=1",
					"$(inherited)",
				);
				INFOPLIST_FILE = SwiftDemTests/Info.plist;
				LD_RUNPATH_SEARCH_PATHS = "$(inherited) @executable_path/Frameworks @loader_path/Frameworks";
				PRODUCT_NAME = "$(TARGET_NAME)";
				TEST_HOST = "$(BUILT_PRODUCTS_DIR)/SwiftDem.app/SwiftDem";
			};
			name = Debug;
		};
		EC2C4C541A25A87300BEBDCF /* Release */ = {
			isa = XCBuildConfiguration;
			buildSettings = {
				BUNDLE_LOADER = "$(TEST_HOST)";
				FRAMEWORK_SEARCH_PATHS = (
					"$(SDKROOT)/Developer/Library/Frameworks",
					"$(inherited)",
				);
				INFOPLIST_FILE = SwiftDemTests/Info.plist;
				LD_RUNPATH_SEARCH_PATHS = "$(inherited) @executable_path/Frameworks @loader_path/Frameworks";
				PRODUCT_NAME = "$(TARGET_NAME)";
				TEST_HOST = "$(BUILT_PRODUCTS_DIR)/SwiftDem.app/SwiftDem";
			};
			name = Release;
		};
/* End XCBuildConfiguration section */

/* Begin XCConfigurationList section */
		EC2C4C271A25A87300BEBDCF /* Build configuration list for PBXProject "SwiftDem" */ = {
			isa = XCConfigurationList;
			buildConfigurations = (
				EC2C4C4D1A25A87300BEBDCF /* Debug */,
				EC2C4C4E1A25A87300BEBDCF /* Release */,
			);
			defaultConfigurationIsVisible = 0;
			defaultConfigurationName = Release;
		};
		EC2C4C4F1A25A87300BEBDCF /* Build configuration list for PBXNativeTarget "SwiftDem" */ = {
			isa = XCConfigurationList;
			buildConfigurations = (
				EC2C4C501A25A87300BEBDCF /* Debug */,
				EC2C4C511A25A87300BEBDCF /* Release */,
			);
			defaultConfigurationIsVisible = 0;
		};
		EC2C4C521A25A87300BEBDCF /* Build configuration list for PBXNativeTarget "SwiftDemTests" */ = {
			isa = XCConfigurationList;
			buildConfigurations = (
				EC2C4C531A25A87300BEBDCF /* Debug */,
				EC2C4C541A25A87300BEBDCF /* Release */,
			);
			defaultConfigurationIsVisible = 0;
		};
/* End XCConfigurationList section */
	};
	rootObject = EC2C4C241A25A87300BEBDCF /* Project object */;
}
